
Microsoft Visual Studio Solution File, Format Version 12.00
# Visual Studio Version 17
VisualStudioVersion = 17.14.37012.4 d17.14
MinimumVisualStudioVersion = 10.0.40219.1
Project("{FAE04EC0-301F-11D3-BF4B-00C04F79EFBC}") = "ChainOfResponsibilityPattern", "ChainOfResponsibilityPattern.csproj", "{6933BFA0-6DFB-47DB-BD37-05148FFF7D91}"
EndProject
Global
	GlobalSection(SolutionConfigurationPlatforms) = preSolution
		Debug|Any CPU = Debug|Any CPU
		Release|Any CPU = Release|Any CPU
	EndGlobalSection
	GlobalSection(ProjectConfigurationPlatforms) = postSolution
		{6933BFA0-6DFB-47DB-BD37-05148FFF7D91}.Debug|Any CPU.ActiveCfg = Debug|Any CPU
		{6933BFA0-6DFB-47DB-BD37-05148FFF7D91}.Debug|Any CPU.Build.0 = Debug|Any CPU
		{6933BFA0-6DFB-47DB-BD37-05148FFF7D91}.Release|Any CPU.ActiveCfg = Release|Any CPU
		{6933BFA0-6DFB-47DB-BD37-05148FFF7D91}.Release|Any CPU.Build.0 = Release|Any CPU
	EndGlobalSection
	GlobalSection(SolutionProperties) = preSolution
		HideSolutionNode = FALSE
	EndGlobalSection
	GlobalSection(ExtensibilityGlobals) = postSolution
		SolutionGuid = {38B90F16-7E30-41D8-96A9-D9B6246B8054}
	EndGlobalSection
EndGlobal
